
Microsoft Visual Studio Solution File, Format Version 12.00
# Visual Studio Version 16
VisualStudioVersion = 16.0.31129.286
MinimumVisualStudioVersion = 10.0.40219.1
Project("{FAE04EC0-301F-11D3-BF4B-00C04F79EFBC}") = "SoftSensConfE", "SoftSensConfE.csproj", "{AAC39445-D1C1-4E68-AA29-A3BD3B694537}"
EndProject
Global
	GlobalSection(SolutionConfigurationPlatforms) = preSolution
		Debug|Any CPU = Debug|Any CPU
		Release|Any CPU = Release|Any CPU
	EndGlobalSection
	GlobalSection(ProjectConfigurationPlatforms) = postSolution
		{AAC39445-D1C1-4E68-AA29-A3BD3B694537}.Debug|Any CPU.ActiveCfg = Debug|Any CPU
		{AAC39445-D1C1-4E68-AA29-A3BD3B694537}.Debug|Any CPU.Build.0 = Debug|Any CPU
		{AAC39445-D1C1-4E68-AA29-A3BD3B694537}.Release|Any CPU.ActiveCfg = Release|Any CPU
		{AAC39445-D1C1-4E68-AA29-A3BD3B694537}.Release|Any CPU.Build.0 = Release|Any CPU
	EndGlobalSection
	GlobalSection(SolutionProperties) = preSolution
		HideSolutionNode = FALSE
	EndGlobalSection
	GlobalSection(ExtensibilityGlobals) = postSolution
		SolutionGuid = {60CB9900-5F4B-4678-8F5B-D1D9F611BD61}
	EndGlobalSection
EndGlobal
